
Microsoft Visual Studio Solution File, Format Version 12.00
# Visual Studio Version 17
VisualStudioVersion = 17.9.34607.119
MinimumVisualStudioVersion = 10.0.40219.1
Project("{FAE04EC0-301F-11D3-BF4B-00C04F79EFBC}") = "Pokedex", "Pokedex\Pokedex.csproj", "{F808DFE1-F447-4FA9-BA12-03901C89EA2A}"
EndProject
Global
	GlobalSection(SolutionConfigurationPlatforms) = preSolution
		Debug|Any CPU = Debug|Any CPU
		Release|Any CPU = Release|Any CPU
	EndGlobalSection
	GlobalSection(ProjectConfigurationPlatforms) = postSolution
		{F808DFE1-F447-4FA9-BA12-03901C89EA2A}.Debug|Any CPU.ActiveCfg = Debug|Any CPU
		{F808DFE1-F447-4FA9-BA12-03901C89EA2A}.Debug|Any CPU.Build.0 = Debug|Any CPU
		{F808DFE1-F447-4FA9-BA12-03901C89EA2A}.Release|Any CPU.ActiveCfg = Release|Any CPU
		{F808DFE1-F447-4FA9-BA12-03901C89EA2A}.Release|Any CPU.Build.0 = Release|Any CPU
	EndGlobalSection
	GlobalSection(SolutionProperties) = preSolution
		HideSolutionNode = FALSE
	EndGlobalSection
	GlobalSection(ExtensibilityGlobals) = postSolution
		SolutionGuid = {1C291E01-D875-4645-9001-8400B4974B89}
	EndGlobalSection
EndGlobal
